// !$*UTF8*$!
{
	archiveVersion = 1;
	classes = {
	};
	objectVersion = 50;
	objects = {

/* Begin PBXBuildFile section */
		6648E3FD2548D6CB005C8BFA /* AppDelegate.swift in Sources */ = {isa = PBXBuildFile; fileRef = 6648E3FC2548D6CB005C8BFA /* AppDelegate.swift */; };
		6648E3FF2548D6CB005C8BFA /* SceneDelegate.swift in Sources */ = {isa = PBXBuildFile; fileRef = 6648E3FE2548D6CB005C8BFA /* SceneDelegate.swift */; };
		6648E4012548D6CB005C8BFA /* ViewController.swift in Sources */ = {isa = PBXBuildFile; fileRef = 6648E4002548D6CB005C8BFA /* ViewController.swift */; };
		6648E4042548D6CB005C8BFA /* Main.storyboard in Resources */ = {isa = PBXBuildFile; fileRef = 6648E4022548D6CB005C8BFA /* Main.storyboard */; };
		6648E4062548D6CC005C8BFA /* Assets.xcassets in Resources */ = {isa = PBXBuildFile; fileRef = 6648E4052548D6CC005C8BFA /* Assets.xcassets */; };
		6648E4092548D6CC005C8BFA /* LaunchScreen.storyboard in Resources */ = {isa = PBXBuildFile; fileRef = 6648E4072548D6CC005C8BFA /* LaunchScreen.storyboard */; };
		6648E4142548D6CD005C8BFA /* ParstagramTests.swift in Sources */ = {isa = PBXBuildFile; fileRef = 6648E4132548D6CD005C8BFA /* ParstagramTests.swift */; };
		6648E41F2548D6CD005C8BFA /* ParstagramUITests.swift in Sources */ = {isa = PBXBuildFile; fileRef = 6648E41E2548D6CD005C8BFA /* ParstagramUITests.swift */; };
/* End PBXBuildFile section */

/* Begin PBXContainerItemProxy section */
		6648E4102548D6CD005C8BFA /* PBXContainerItemProxy */ = {
			isa = PBXContainerItemProxy;
			containerPortal = 6648E3F12548D6CA005C8BFA /* Project object */;
			proxyType = 1;
			remoteGlobalIDString = 6648E3F82548D6CA005C8BFA;
			remoteInfo = Parstagram;
		};
		6648E41B2548D6CD005C8BFA /* PBXContainerItemProxy */ = {
			isa = PBXContainerItemProxy;
			containerPortal = 6648E3F12548D6CA005C8BFA /* Project object */;
			proxyType = 1;
			remoteGlobalIDString = 6648E3F82548D6CA005C8BFA;
			remoteInfo = Parstagram;
		};
/* End PBXContainerItemProxy section */

/* Begin PBXFileReference section */
		6648E3F92548D6CB005C8BFA /* Parstagram.app */ = {isa = PBXFileReference; explicitFileType = wrapper.application; includeInIndex = 0; path = Parstagram.app; sourceTree = BUILT_PRODUCTS_DIR; };
		6648E3FC2548D6CB005C8BFA /* AppDelegate.swift */ = {isa = PBXFileReference; lastKnownFileType = sourcecode.swift; path = AppDelegate.swift; sourceTree = "<group>"; };
		6648E3FE2548D6CB005C8BFA /* SceneDelegate.swift */ = {isa = PBXFileReference; lastKnownFileType = sourcecode.swift; path = SceneDelegate.swift; sourceTree = "<group>"; };
		6648E4002548D6CB005C8BFA /* ViewController.swift */ = {isa = PBXFileReference; lastKnownFileType = sourcecode.swift; path = ViewController.swift; sourceTree = "<group>"; };
		6648E4032548D6CB005C8BFA /* Base */ = {isa = PBXFileReference; lastKnownFileType = file.storyboard; name = Base; path = Base.lproj/Main.storyboard; sourceTree = "<group>"; };
		6648E4052548D6CC005C8BFA /* Assets.xcassets */ = {isa = PBXFileReference; lastKnownFileType = folder.assetcatalog; path = Assets.xcassets; sourceTree = "<group>"; };
		6648E4082548D6CC005C8BFA /* Base */ = {isa = PBXFileReference; lastKnownFileType = file.storyboard; name = Base; path = Base.lproj/LaunchScreen.storyboard; sourceTree = "<group>"; };
		6648E40A2548D6CC005C8BFA /* Info.plist */ = {isa = PBXFileReference; lastKnownFileType = text.plist.xml; path = Info.plist; sourceTree = "<group>"; };
		6648E40F2548D6CD005C8BFA /* ParstagramTests.xctest */ = {isa = PBXFileReference; explicitFileType = wrapper.cfbundle; includeInIndex = 0; path = ParstagramTests.xctest; sourceTree = BUILT_PRODUCTS_DIR; };
		6648E4132548D6CD005C8BFA /* ParstagramTests.swift */ = {isa = PBXFileReference; lastKnownFileType = sourcecode.swift; path = ParstagramTests.swift; sourceTree = "<group>"; };
		6648E4152548D6CD005C8BFA /* Info.plist */ = {isa = PBXFileReference; lastKnownFileType = text.plist.xml; path = Info.plist; sourceTree = "<group>"; };
		6648E41A2548D6CD005C8BFA /* ParstagramUITests.xctest */ = {isa = PBXFileReference; explicitFileType = wrapper.cfbundle; includeInIndex = 0; path = ParstagramUITests.xctest; sourceTree = BUILT_PRODUCTS_DIR; };
		6648E41E2548D6CD005C8BFA /* ParstagramUITests.swift */ = {isa = PBXFileReference; lastKnownFileType = sourcecode.swift; path = ParstagramUITests.swift; sourceTree = "<group>"; };
		6648E4202548D6CD005C8BFA /* Info.plist */ = {isa = PBXFileReference; lastKnownFileType = text.plist.xml; path = Info.plist; sourceTree = "<group>"; };
/* End PBXFileReference section */

/* Begin PBXFrameworksBuildPhase section */
		6648E3F62548D6CA005C8BFA /* Frameworks */ = {
			isa = PBXFrameworksBuildPhase;
			buildActionMask = 2147483647;
			files = (
			);
			runOnlyForDeploymentPostprocessing = 0;
		};
		6648E40C2548D6CD005C8BFA /* Frameworks */ = {
			isa = PBXFrameworksBuildPhase;
			buildActionMask = 2147483647;
			files = (
			);
			runOnlyForDeploymentPostprocessing = 0;
		};
		6648E4172548D6CD005C8BFA /* Frameworks */ = {
			isa = PBXFrameworksBuildPhase;
			buildActionMask = 2147483647;
			files = (
			);
			runOnlyForDeploymentPostprocessing = 0;
		};
/* End PBXFrameworksBuildPhase section */

/* Begin PBXGroup section */
		6648E3F02548D6CA005C8BFA = {
			isa = PBXGroup;
			children = (
				6648E3FB2548D6CB005C8BFA /* Parstagram */,
				6648E4122548D6CD005C8BFA /* ParstagramTests */,
				6648E41D2548D6CD005C8BFA /* ParstagramUITests */,
				6648E3FA2548D6CB005C8BFA /* Products */,
			);
			sourceTree = "<group>";
		};
		6648E3FA2548D6CB005C8BFA /* Products */ = {
			isa = PBXGroup;
			children = (
				6648E3F92548D6CB005C8BFA /* Parstagram.app */,
				6648E40F2548D6CD005C8BFA /* ParstagramTests.xctest */,
				6648E41A2548D6CD005C8BFA /* ParstagramUITests.xctest */,
			);
			name = Products;
			sourceTree = "<group>";
		};
		6648E3FB2548D6CB005C8BFA /* Parstagram */ = {
			isa = PBXGroup;
			children = (
				6648E3FC2548D6CB005C8BFA /* AppDelegate.swift */,
				6648E3FE2548D6CB005C8BFA /* SceneDelegate.swift */,
				6648E4002548D6CB005C8BFA /* ViewController.swift */,
				6648E4022548D6CB005C8BFA /* Main.storyboard */,
				6648E4052548D6CC005C8BFA /* Assets.xcassets */,
				6648E4072548D6CC005C8BFA /* LaunchScreen.storyboard */,
				6648E40A2548D6CC005C8BFA /* Info.plist */,
			);
			path = Parstagram;
			sourceTree = "<group>";
		};
		6648E4122548D6CD005C8BFA /* ParstagramTests */ = {
			isa = PBXGroup;
			children = (
				6648E4132548D6CD005C8BFA /* ParstagramTests.swift */,
				6648E4152548D6CD005C8BFA /* Info.plist */,
			);
			path = ParstagramTests;
			sourceTree = "<group>";
		};
		6648E41D2548D6CD005C8BFA /* ParstagramUITests */ = {
			isa = PBXGroup;
			children = (
				6648E41E2548D6CD005C8BFA /* ParstagramUITests.swift */,
				6648E4202548D6CD005C8BFA /* Info.plist */,
			);
			path = ParstagramUITests;
			sourceTree = "<group>";
		};
/* End PBXGroup section */

/* Begin PBXNativeTarget section */
		6648E3F82548D6CA005C8BFA /* Parstagram */ = {
			isa = PBXNativeTarget;
			buildConfigurationList = 6648E4232548D6CD005C8BFA /* Build configuration list for PBXNativeTarget "Parstagram" */;
			buildPhases = (
				6648E3F52548D6CA005C8BFA /* Sources */,
				6648E3F62548D6CA005C8BFA /* Frameworks */,
				6648E3F72548D6CA005C8BFA /* Resources */,
			);
			buildRules = (
			);
			dependencies = (
			);
			name = Parstagram;
			productName = Parstagram;
			productReference = 6648E3F92548D6CB005C8BFA /* Parstagram.app */;
			productType = "com.apple.product-type.application";
		};
		6648E40E2548D6CD005C8BFA /* ParstagramTests */ = {
			isa = PBXNativeTarget;
			buildConfigurationList = 6648E4262548D6CD005C8BFA /* Build configuration list for PBXNativeTarget "ParstagramTests" */;
			buildPhases = (
				6648E40B2548D6CD005C8BFA /* Sources */,
				6648E40C2548D6CD005C8BFA /* Frameworks */,
				6648E40D2548D6CD005C8BFA /* Resources */,
			);
			buildRules = (
			);
			dependencies = (
				6648E4112548D6CD005C8BFA /* PBXTargetDependency */,
			);
			name = ParstagramTests;
			productName = ParstagramTests;
			productReference = 6648E40F2548D6CD005C8BFA /* ParstagramTests.xctest */;
			productType = "com.apple.product-type.bundle.unit-test";
		};
		6648E4192548D6CD005C8BFA /* ParstagramUITests */ = {
			isa = PBXNativeTarget;
			buildConfigurationList = 6648E4292548D6CD005C8BFA /* Build configuration list for PBXNativeTarget "ParstagramUITests" */;
			buildPhases = (
				6648E4162548D6CD005C8BFA /* Sources */,
				6648E4172548D6CD005C8BFA /* Frameworks */,
				6648E4182548D6CD005C8BFA /* Resources */,
			);
			buildRules = (
			);
			dependencies = (
				6648E41C2548D6CD005C8BFA /* PBXTargetDependency */,
			);
			name = ParstagramUITests;
			productName = ParstagramUITests;
			productReference = 6648E41A2548D6CD005C8BFA /* ParstagramUITests.xctest */;
			productType = "com.apple.product-type.bundle.ui-testing";
		};
/* End PBXNativeTarget section */

/* Begin PBXProject section */
		6648E3F12548D6CA005C8BFA /* Project object */ = {
			isa = PBXProject;
			attributes = {
				LastSwiftUpdateCheck = 1210;
				LastUpgradeCheck = 1210;
				TargetAttributes = {
					6648E3F82548D6CA005C8BFA = {
						CreatedOnToolsVersion = 12.1;
					};
					6648E40E2548D6CD005C8BFA = {
						CreatedOnToolsVersion = 12.1;
						TestTargetID = 6648E3F82548D6CA005C8BFA;
					};
					6648E4192548D6CD005C8BFA = {
						CreatedOnToolsVersion = 12.1;
						TestTargetID = 6648E3F82548D6CA005C8BFA;
					};
				};
			};
			buildConfigurationList = 6648E3F42548D6CA005C8BFA /* Build configuration list for PBXProject "Parstagram" */;
			compatibilityVersion = "Xcode 9.3";
			developmentRegion = en;
			hasScannedForEncodings = 0;
			knownRegions = (
				en,
				Base,
			);
			mainGroup = 6648E3F02548D6CA005C8BFA;
			productRefGroup = 6648E3FA2548D6CB005C8BFA /* Products */;
			projectDirPath = "";
			projectRoot = "";
			targets = (
				6648E3F82548D6CA005C8BFA /* Parstagram */,
				6648E40E2548D6CD005C8BFA /* ParstagramTests */,
				6648E4192548D6CD005C8BFA /* ParstagramUITests */,
			);
		};
/* End PBXProject section */

/* Begin PBXResourcesBuildPhase section */
		6648E3F72548D6CA005C8BFA /* Resources */ = {
			isa = PBXResourcesBuildPhase;
			buildActionMask = 2147483647;
			files = (
				6648E4092548D6CC005C8BFA /* LaunchScreen.storyboard in Resources */,
				6648E4062548D6CC005C8BFA /* Assets.xcassets in Resources */,
				6648E4042548D6CB005C8BFA /* Main.storyboard in Resources */,
			);
			runOnlyForDeploymentPostprocessing = 0;
		};
		6648E40D2548D6CD005C8BFA /* Resources */ = {
			isa = PBXResourcesBuildPhase;
			buildActionMask = 2147483647;
			files = (
			);
			runOnlyForDeploymentPostprocessing = 0;
		};
		6648E4182548D6CD005C8BFA /* Resources */ = {
			isa = PBXResourcesBuildPhase;
			buildActionMask = 2147483647;
			files = (
			);
			runOnlyForDeploymentPostprocessing = 0;
		};
/* End PBXResourcesBuildPhase section */

/* Begin PBXSourcesBuildPhase section */
		6648E3F52548D6CA005C8BFA /* Sources */ = {
			isa = PBXSourcesBuildPhase;
			buildActionMask = 2147483647;
			files = (
				6648E4012548D6CB005C8BFA /* ViewController.swift in Sources */,
				6648E3FD2548D6CB005C8BFA /* AppDelegate.swift in Sources */,
				6648E3FF2548D6CB005C8BFA /* SceneDelegate.swift in Sources */,
			);
			runOnlyForDeploymentPostprocessing = 0;
		};
		6648E40B2548D6CD005C8BFA /* Sources */ = {
			isa = PBXSourcesBuildPhase;
			buildActionMask = 2147483647;
			files = (
				6648E4142548D6CD005C8BFA /* ParstagramTests.swift in Sources */,
			);
			runOnlyForDeploymentPostprocessing = 0;
		};
		6648E4162548D6CD005C8BFA /* Sources */ = {
			isa = PBXSourcesBuildPhase;
			buildActionMask = 2147483647;
			files = (
				6648E41F2548D6CD005C8BFA /* ParstagramUITests.swift in Sources */,
			);
			runOnlyForDeploymentPostprocessing = 0;
		};
/* End PBXSourcesBuildPhase section */

/* Begin PBXTargetDependency section */
		6648E4112548D6CD005C8BFA /* PBXTargetDependency */ = {
			isa = PBXTargetDependency;
			target = 6648E3F82548D6CA005C8BFA /* Parstagram */;
			targetProxy = 6648E4102548D6CD005C8BFA /* PBXContainerItemProxy */;
		};
		6648E41C2548D6CD005C8BFA /* PBXTargetDependency */ = {
			isa = PBXTargetDependency;
			target = 6648E3F82548D6CA005C8BFA /* Parstagram */;
			targetProxy = 6648E41B2548D6CD005C8BFA /* PBXContainerItemProxy */;
		};
/* End PBXTargetDependency section */

/* Begin PBXVariantGroup section */
		6648E4022548D6CB005C8BFA /* Main.storyboard */ = {
			isa = PBXVariantGroup;
			children = (
				6648E4032548D6CB005C8BFA /* Base */,
			);
			name = Main.storyboard;
			sourceTree = "<group>";
		};
		6648E4072548D6CC005C8BFA /* LaunchScreen.storyboard */ = {
			isa = PBXVariantGroup;
			children = (
				6648E4082548D6CC005C8BFA /* Base */,
			);
			name = LaunchScreen.storyboard;
			sourceTree = "<group>";
		};
/* End PBXVariantGroup section */

/* Begin XCBuildConfiguration section */
		6648E4212548D6CD005C8BFA /* Debug */ = {
			isa = XCBuildConfiguration;
			buildSettings = {
				ALWAYS_SEARCH_USER_PATHS = NO;
				CLANG_ANALYZER_NONNULL = YES;
				CLANG_ANALYZER_NUMBER_OBJECT_CONVERSION = YES_AGGRESSIVE;
				CLANG_CXX_LANGUAGE_STANDARD = "gnu++14";
				CLANG_CXX_LIBRARY = "libc++";
				CLANG_ENABLE_MODULES = YES;
				CLANG_ENABLE_OBJC_ARC = YES;
				CLANG_ENABLE_OBJC_WEAK = YES;
				CLANG_WARN_BLOCK_CAPTURE_AUTORELEASING = YES;
				CLANG_WARN_BOOL_CONVERSION = YES;
				CLANG_WARN_COMMA = YES;
				CLANG_WARN_CONSTANT_CONVERSION = YES;
				CLANG_WARN_DEPRECATED_OBJC_IMPLEMENTATIONS = YES;
				CLANG_WARN_DIRECT_OBJC_ISA_USAGE = YES_ERROR;
				CLANG_WARN_DOCUMENTATION_COMMENTS = YES;
				CLANG_WARN_EMPTY_BODY = YES;
				CLANG_WARN_ENUM_CONVERSION = YES;
				CLANG_WARN_INFINITE_RECURSION = YES;
				CLANG_WARN_INT_CONVERSION = YES;
				CLANG_WARN_NON_LITERAL_NULL_CONVERSION = YES;
				CLANG_WARN_OBJC_IMPLICIT_RETAIN_SELF = YES;
				CLANG_WARN_OBJC_LITERAL_CONVERSION = YES;
				CLANG_WARN_OBJC_ROOT_CLASS = YES_ERROR;
				CLANG_WARN_QUOTED_INCLUDE_IN_FRAMEWORK_HEADER = YES;
				CLANG_WARN_RANGE_LOOP_ANALYSIS = YES;
				CLANG_WARN_STRICT_PROTOTYPES = YES;
				CLANG_WARN_SUSPICIOUS_MOVE = YES;
				CLANG_WARN_UNGUARDED_AVAILABILITY = YES_AGGRESSIVE;
				CLANG_WARN_UNREACHABLE_CODE = YES;
				CLANG_WARN__DUPLICATE_METHOD_MATCH = YES;
				COPY_PHASE_STRIP = NO;
				DEBUG_INFORMATION_FORMAT = dwarf;
				ENABLE_STRICT_OBJC_MSGSEND = YES;
				ENABLE_TESTABILITY = YES;
				GCC_C_LANGUAGE_STANDARD = gnu11;
				GCC_DYNAMIC_NO_PIC = NO;
				GCC_NO_COMMON_BLOCKS = YES;
				GCC_OPTIMIZATION_LEVEL = 0;
				GCC_PREPROCESSOR_DEFINITIONS = (
					"DEBUG=1",
					"$(inherited)",
				);
				GCC_WARN_64_TO_32_BIT_CONVERSION = YES;
				GCC_WARN_ABOUT_RETURN_TYPE = YES_ERROR;
				GCC_WARN_UNDECLARED_SELECTOR = YES;
				GCC_WARN_UNINITIALIZED_AUTOS = YES_AGGRESSIVE;
				GCC_WARN_UNUSED_FUNCTION = YES;
				GCC_WARN_UNUSED_VARIABLE = YES;
				IPHONEOS_DEPLOYMENT_TARGET = 14.1;
				MTL_ENABLE_DEBUG_INFO = INCLUDE_SOURCE;
				MTL_FAST_MATH = YES;
				ONLY_ACTIVE_ARCH = YES;
				SDKROOT = iphoneos;
				SWIFT_ACTIVE_COMPILATION_CONDITIONS = DEBUG;
				SWIFT_OPTIMIZATION_LEVEL = "-Onone";
			};
			name = Debug;
		};
		6648E4222548D6CD005C8BFA /* Release */ = {
			isa = XCBuildConfiguration;
			buildSettings = {
				ALWAYS_SEARCH_USER_PATHS = NO;
				CLANG_ANALYZER_NONNULL = YES;
				CLANG_ANALYZER_NUMBER_OBJECT_CONVERSION = YES_AGGRESSIVE;
				CLANG_CXX_LANGUAGE_STANDARD = "gnu++14";
				CLANG_CXX_LIBRARY = "libc++";
				CLANG_ENABLE_MODULES = YES;
				CLANG_ENABLE_OBJC_ARC = YES;
				CLANG_ENABLE_OBJC_WEAK = YES;
				CLANG_WARN_BLOCK_CAPTURE_AUTORELEASING = YES;
				CLANG_WARN_BOOL_CONVERSION = YES;
				CLANG_WARN_COMMA = YES;
				CLANG_WARN_CONSTANT_CONVERSION = YES;
				CLANG_WARN_DEPRECATED_OBJC_IMPLEMENTATIONS = YES;
				CLANG_WARN_DIRECT_OBJC_ISA_USAGE = YES_ERROR;
				CLANG_WARN_DOCUMENTATION_COMMENTS = YES;
				CLANG_WARN_EMPTY_BODY = YES;
				CLANG_WARN_ENUM_CONVERSION = YES;
				CLANG_WARN_INFINITE_RECURSION = YES;
				CLANG_WARN_INT_CONVERSION = YES;
				CLANG_WARN_NON_LITERAL_NULL_CONVERSION = YES;
				CLANG_WARN_OBJC_IMPLICIT_RETAIN_SELF = YES;
				CLANG_WARN_OBJC_LITERAL_CONVERSION = YES;
				CLANG_WARN_OBJC_ROOT_CLASS = YES_ERROR;
				CLANG_WARN_QUOTED_INCLUDE_IN_FRAMEWORK_HEADER = YES;
				CLANG_WARN_RANGE_LOOP_ANALYSIS = YES;
				CLANG_WARN_STRICT_PROTOTYPES = YES;
				CLANG_WARN_SUSPICIOUS_MOVE = YES;
				CLANG_WARN_UNGUARDED_AVAILABILITY = YES_AGGRESSIVE;
				CLANG_WARN_UNREACHABLE_CODE = YES;
				CLANG_WARN__DUPLICATE_METHOD_MATCH = YES;
				COPY_PHASE_STRIP = NO;
				DEBUG_INFORMATION_FORMAT = "dwarf-with-dsym";
				ENABLE_NS_ASSERTIONS = NO;
				ENABLE_STRICT_OBJC_MSGSEND = YES;
				GCC_C_LANGUAGE_STANDARD = gnu11;
				GCC_NO_COMMON_BLOCKS = YES;
				GCC_WARN_64_TO_32_BIT_CONVERSION = YES;
				GCC_WARN_ABOUT_RETURN_TYPE = YES_ERROR;
				GCC_WARN_UNDECLARED_SELECTOR = YES;
				GCC_WARN_UNINITIALIZED_AUTOS = YES_AGGRESSIVE;
				GCC_WARN_UNUSED_FUNCTION = YES;
				GCC_WARN_UNUSED_VARIABLE = YES;
				IPHONEOS_DEPLOYMENT_TARGET = 14.1;
				MTL_ENABLE_DEBUG_INFO = NO;
				MTL_FAST_MATH = YES;
				SDKROOT = iphoneos;
				SWIFT_COMPILATION_MODE = wholemodule;
				SWIFT_OPTIMIZATION_LEVEL = "-O";
				VALIDATE_PRODUCT = YES;
			};
			name = Release;
		};
		6648E4242548D6CD005C8BFA /* Debug */ = {
			isa = XCBuildConfiguration;
			buildSettings = {
				ASSETCATALOG_COMPILER_APPICON_NAME = AppIcon;
				ASSETCATALOG_COMPILER_GLOBAL_ACCENT_COLOR_NAME = AccentColor;
				CODE_SIGN_STYLE = Automatic;
				DEVELOPMENT_TEAM = CLCLXKQZ2N;
				INFOPLIST_FILE = Parstagram/Info.plist;
				LD_RUNPATH_SEARCH_PATHS = (
					"$(inherited)",
					"@executable_path/Frameworks",
				);
				PRODUCT_BUNDLE_IDENTIFIER = Codepath.Parstagram;
				PRODUCT_NAME = "$(TARGET_NAME)";
				SWIFT_VERSION = 5.0;
				TARGETED_DEVICE_FAMILY = "1,2";
			};
			name = Debug;
		};
		6648E4252548D6CD005C8BFA /* Release */ = {
			isa = XCBuildConfiguration;
			buildSettings = {
				ASSETCATALOG_COMPILER_APPICON_NAME = AppIcon;
				ASSETCATALOG_COMPILER_GLOBAL_ACCENT_COLOR_NAME = AccentColor;
				CODE_SIGN_STYLE = Automatic;
				DEVELOPMENT_TEAM = CLCLXKQZ2N;
				INFOPLIST_FILE = Parstagram/Info.plist;
				LD_RUNPATH_SEARCH_PATHS = (
					"$(inherited)",
					"@executable_path/Frameworks",
				);
				PRODUCT_BUNDLE_IDENTIFIER = Codepath.Parstagram;
				PRODUCT_NAME = "$(TARGET_NAME)";
				SWIFT_VERSION = 5.0;
				TARGETED_DEVICE_FAMILY = "1,2";
			};
			name = Release;
		};
		6648E4272548D6CD005C8BFA /* Debug */ = {
			isa = XCBuildConfiguration;
			buildSettings = {
				ALWAYS_EMBED_SWIFT_STANDARD_LIBRARIES = YES;
				BUNDLE_LOADER = "$(TEST_HOST)";
				CODE_SIGN_STYLE = Automatic;
				DEVELOPMENT_TEAM = CLCLXKQZ2N;
				INFOPLIST_FILE = ParstagramTests/Info.plist;
				IPHONEOS_DEPLOYMENT_TARGET = 14.1;
				LD_RUNPATH_SEARCH_PATHS = (
					"$(inherited)",
					"@executable_path/Frameworks",
					"@loader_path/Frameworks",
				);
				PRODUCT_BUNDLE_IDENTIFIER = Codepath.ParstagramTests;
				PRODUCT_NAME = "$(TARGET_NAME)";
				SWIFT_VERSION = 5.0;
				TARGETED_DEVICE_FAMILY = "1,2";
				TEST_HOST = "$(BUILT_PRODUCTS_DIR)/Parstagram.app/Parstagram";
			};
			name = Debug;
		};
		6648E4282548D6CD005C8BFA /* Release */ = {
			isa = XCBuildConfiguration;
			buildSettings = {
				ALWAYS_EMBED_SWIFT_STANDARD_LIBRARIES = YES;
				BUNDLE_LOADER = "$(TEST_HOST)";
				CODE_SIGN_STYLE = Automatic;
				DEVELOPMENT_TEAM = CLCLXKQZ2N;
				INFOPLIST_FILE = ParstagramTests/Info.plist;
				IPHONEOS_DEPLOYMENT_TARGET = 14.1;
				LD_RUNPATH_SEARCH_PATHS = (
					"$(inherited)",
					"@executable_path/Frameworks",
					"@loader_path/Frameworks",
				);
				PRODUCT_BUNDLE_IDENTIFIER = Codepath.ParstagramTests;
				PRODUCT_NAME = "$(TARGET_NAME)";
				SWIFT_VERSION = 5.0;
				TARGETED_DEVICE_FAMILY = "1,2";
				TEST_HOST = "$(BUILT_PRODUCTS_DIR)/Parstagram.app/Parstagram";
			};
			name = Release;
		};
		6648E42A2548D6CD005C8BFA /* Debug */ = {
			isa = XCBuildConfiguration;
			buildSettings = {
				ALWAYS_EMBED_SWIFT_STANDARD_LIBRARIES = YES;
				CODE_SIGN_STYLE = Automatic;
				DEVELOPMENT_TEAM = CLCLXKQZ2N;
				INFOPLIST_FILE = ParstagramUITests/Info.plist;
				LD_RUNPATH_SEARCH_PATHS = (
					"$(inherited)",
					"@executable_path/Frameworks",
					"@loader_path/Frameworks",
				);
				PRODUCT_BUNDLE_IDENTIFIER = Codepath.ParstagramUITests;
				PRODUCT_NAME = "$(TARGET_NAME)";
				SWIFT_VERSION = 5.0;
				TARGETED_DEVICE_FAMILY = "1,2";
				TEST_TARGET_NAME = Parstagram;
			};
			name = Debug;
		};
		6648E42B2548D6CD005C8BFA /* Release */ = {
			isa = XCBuildConfiguration;
			buildSettings = {
				ALWAYS_EMBED_SWIFT_STANDARD_LIBRARIES = YES;
				CODE_SIGN_STYLE = Automatic;
				DEVELOPMENT_TEAM = CLCLXKQZ2N;
				INFOPLIST_FILE = ParstagramUITests/Info.plist;
				LD_RUNPATH_SEARCH_PATHS = (
					"$(inherited)",
					"@executable_path/Frameworks",
					"@loader_path/Frameworks",
				);
				PRODUCT_BUNDLE_IDENTIFIER = Codepath.ParstagramUITests;
				PRODUCT_NAME = "$(TARGET_NAME)";
				SWIFT_VERSION = 5.0;
				TARGETED_DEVICE_FAMILY = "1,2";
				TEST_TARGET_NAME = Parstagram;
			};
			name = Release;
		};
/* End XCBuildConfiguration section */

/* Begin XCConfigurationList section */
		6648E3F42548D6CA005C8BFA /* Build configuration list for PBXProject "Parstagram" */ = {
			isa = XCConfigurationList;
			buildConfigurations = (
				6648E4212548D6CD005C8BFA /* Debug */,
				6648E4222548D6CD005C8BFA /* Release */,
			);
			defaultConfigurationIsVisible = 0;
			defaultConfigurationName = Release;
		};
		6648E4232548D6CD005C8BFA /* Build configuration list for PBXNativeTarget "Parstagram" */ = {
			isa = XCConfigurationList;
			buildConfigurations = (
				6648E4242548D6CD005C8BFA /* Debug */,
				6648E4252548D6CD005C8BFA /* Release */,
			);
			defaultConfigurationIsVisible = 0;
			defaultConfigurationName = Release;
		};
		6648E4262548D6CD005C8BFA /* Build configuration list for PBXNativeTarget "ParstagramTests" */ = {
			isa = XCConfigurationList;
			buildConfigurations = (
				6648E4272548D6CD005C8BFA /* Debug */,
				6648E4282548D6CD005C8BFA /* Release */,
			);
			defaultConfigurationIsVisible = 0;
			defaultConfigurationName = Release;
		};
		6648E4292548D6CD005C8BFA /* Build configuration list for PBXNativeTarget "ParstagramUITests" */ = {
			isa = XCConfigurationList;
			buildConfigurations = (
				6648E42A2548D6CD005C8BFA /* Debug */,
				6648E42B2548D6CD005C8BFA /* Release */,
			);
			defaultConfigurationIsVisible = 0;
			defaultConfigurationName = Release;
		};
/* End XCConfigurationList section */
	};
	rootObject = 6648E3F12548D6CA005C8BFA /* Project object */;
}
